# THIS IS AN AUTOGENERATED FILE. DO NOT EDIT THIS FILE DIRECTLY.
# yarn lockfile v1


"@ampproject/remapping@^2.1.0":
  version "2.2.0"
  resolved "https://registry.yarnpkg.com/@ampproject/remapping/-/remapping-2.2.0.tgz#56c133824780de3174aed5ab6834f3026790154d"
  integrity sha512-qRmjj8nj9qmLTQXXmaR1cck3UXSRMPrbsLJAasZpF+t3riI71BXed5ebIOYwQntykeZuhjsdweEc9BxH5Jc26w==
  dependencies:
    "@jridgewell/gen-mapping" "^0.1.0"
    "@jridgewell/trace-mapping" "^0.3.9"

"@babel/cli@^7.8.0":
  version "7.17.10"
  resolved "https://registry.yarnpkg.com/@babel/cli/-/cli-7.17.10.tgz#5ea0bf6298bb78f3b59c7c06954f9bd1c79d5943"
  integrity sha512-OygVO1M2J4yPMNOW9pb+I6kFGpQK77HmG44Oz3hg8xQIl5L/2zq+ZohwAdSaqYgVwM0SfmPHZHphH4wR8qzVYw==
  dependencies:
    "@jridgewell/trace-mapping" "^0.3.8"
    commander "^4.0.1"
    convert-source-map "^1.1.0"
    fs-readdir-recursive "^1.1.0"
    glob "^7.0.0"
    make-dir "^2.1.0"
    slash "^2.0.0"
  optionalDependencies:
    "@nicolo-ribaudo/chokidar-2" "2.1.8-no-fsevents.3"
    chokidar "^3.4.0"

"@babel/code-frame@^7.0.0", "@babel/code-frame@^7.16.7":
  version "7.16.7"
  resolved "https://registry.yarnpkg.com/@babel/code-frame/-/code-frame-7.16.7.tgz#44416b6bd7624b998f5b1af5d470856c40138789"
  integrity sha512-iAXqUn8IIeBTNd72xsFlgaXHkMBMt6y4HJp1tIaK465CWLT/fG1aqB7ykr95gHHmlBdGbFeWWfyB4NJJ0nmeIg==
  dependencies:
    "@babel/highlight" "^7.16.7"

"@babel/code-frame@^7.18.6":
  version "7.18.6"
  resolved "https://registry.yarnpkg.com/@babel/code-frame/-/code-frame-7.18.6.tgz#3b25d38c89600baa2dcc219edfa88a74eb2c427a"
  integrity sha512-TDCmlK5eOvH+eH7cdAFlNXeVJqWIQ7gW9tY1GJIpUtFb6CmjVyq2VM3u71bOyR8CRihcCgMUYoDNyLXao3+70Q==
  dependencies:
    "@babel/highlight" "^7.18.6"

"@babel/compat-data@^7.13.11", "@babel/compat-data@^7.17.10":
  version "7.17.10"
  resolved "https://registry.yarnpkg.com/@babel/compat-data/-/compat-data-7.17.10.tgz#711dc726a492dfc8be8220028b1b92482362baab"
  integrity sha512-GZt/TCsG70Ms19gfZO1tM4CVnXsPgEPBCpJu+Qz3L0LUDsY5nZqFZglIoPC1kIYOtNBZlrnFT+klg12vFGZXrw==

"@babel/compat-data@^7.18.6":
  version "7.18.8"
  resolved "https://registry.yarnpkg.com/@babel/compat-data/-/compat-data-7.18.8.tgz#2483f565faca607b8535590e84e7de323f27764d"
  integrity sha512-HSmX4WZPPK3FUxYp7g2T6EyO8j96HlZJlxmKPSh6KAcqwyDrfx7hKjXpAW/0FhFfTJsR0Yt4lAjLI2coMptIHQ==

"@babel/core@^7.7.5":
  version "7.18.6"
  resolved "https://registry.yarnpkg.com/@babel/core/-/core-7.18.6.tgz#54a107a3c298aee3fe5e1947a6464b9b6faca03d"
  integrity sha512-cQbWBpxcbbs/IUredIPkHiAGULLV8iwgNRMFzvbhEXISp4f3rUUXE5+TIw6KwUWUR3DwyI6gmBRnmAtYaWehwQ==
  dependencies:
    "@ampproject/remapping" "^2.1.0"
